
Microsoft Visual Studio Solution File, Format Version 12.00
# Visual Studio Version 17
VisualStudioVersion = 17.7.34024.191
MinimumVisualStudioVersion = 10.0.40219.1
Project("{FAE04EC0-301F-11D3-BF4B-00C04F79EFBC}") = "ServiceSchedule", "ServiceSchedule.csproj", "{58B5712F-AF33-4ABD-98FD-12C3BCC8E002}"
EndProject
Global
	GlobalSection(SolutionConfigurationPlatforms) = preSolution
		Debug|Any CPU = Debug|Any CPU
		Release|Any CPU = Release|Any CPU
	EndGlobalSection
	GlobalSection(ProjectConfigurationPlatforms) = postSolution
		{58B5712F-AF33-4ABD-98FD-12C3BCC8E002}.Debug|Any CPU.ActiveCfg = Debug|Any CPU
		{58B5712F-AF33-4ABD-98FD-12C3BCC8E002}.Debug|Any CPU.Build.0 = Debug|Any CPU
		{58B5712F-AF33-4ABD-98FD-12C3BCC8E002}.Release|Any CPU.ActiveCfg = Release|Any CPU
		{58B5712F-AF33-4ABD-98FD-12C3BCC8E002}.Release|Any CPU.Build.0 = Release|Any CPU
	EndGlobalSection
	GlobalSection(SolutionProperties) = preSolution
		HideSolutionNode = FALSE
	EndGlobalSection
	GlobalSection(ExtensibilityGlobals) = postSolution
		SolutionGuid = {ADF73533-1706-4000-A696-143AC1F4C5C5}
	EndGlobalSection
EndGlobal
